// !$*UTF8*$!
{
	archiveVersion = 1;
	classes = {
	};
	objectVersion = 51;
	objects = {

/* Begin PBXBuildFile section */
		1E96A14484B1FB815601B8FC /* Pods_parstagram_parstagramUITests.framework in Frameworks */ = {isa = PBXBuildFile; fileRef = 1635A8485B1D6EBADFB449E1 /* Pods_parstagram_parstagramUITests.framework */; };
		7C8B499DC2548924807F8FA3 /* Pods_parstagram.framework in Frameworks */ = {isa = PBXBuildFile; fileRef = C548A8BF1309B2D8E2173BEC /* Pods_parstagram.framework */; };
		BD50B4E0469CBFE9AF4FADD2 /* Pods_parstagramTests.framework in Frameworks */ = {isa = PBXBuildFile; fileRef = C27FDF312DC74D84DEEA264F /* Pods_parstagramTests.framework */; };
		CD1263F5253B862700DEFFC9 /* AppDelegate.swift in Sources */ = {isa = PBXBuildFile; fileRef = CD1263F4253B862700DEFFC9 /* AppDelegate.swift */; };
		CD1263F7253B862700DEFFC9 /* SceneDelegate.swift in Sources */ = {isa = PBXBuildFile; fileRef = CD1263F6253B862700DEFFC9 /* SceneDelegate.swift */; };
		CD1263FC253B862700DEFFC9 /* Main.storyboard in Resources */ = {isa = PBXBuildFile; fileRef = CD1263FA253B862700DEFFC9 /* Main.storyboard */; };
		CD1263FE253B862800DEFFC9 /* Assets.xcassets in Resources */ = {isa = PBXBuildFile; fileRef = CD1263FD253B862800DEFFC9 /* Assets.xcassets */; };
		CD126401253B862800DEFFC9 /* LaunchScreen.storyboard in Resources */ = {isa = PBXBuildFile; fileRef = CD1263FF253B862800DEFFC9 /* LaunchScreen.storyboard */; };
		CD12640C253B862800DEFFC9 /* parstagramTests.swift in Sources */ = {isa = PBXBuildFile; fileRef = CD12640B253B862800DEFFC9 /* parstagramTests.swift */; };
		CD126417253B862800DEFFC9 /* parstagramUITests.swift in Sources */ = {isa = PBXBuildFile; fileRef = CD126416253B862800DEFFC9 /* parstagramUITests.swift */; };
		CD126428253B879200DEFFC9 /* LoginViewController.swift in Sources */ = {isa = PBXBuildFile; fileRef = CD126427253B879200DEFFC9 /* LoginViewController.swift */; };
		CD126430253B879C00DEFFC9 /* FeedViewController.swift in Sources */ = {isa = PBXBuildFile; fileRef = CD12642F253B879C00DEFFC9 /* FeedViewController.swift */; };
		CD12644A253BB68500DEFFC9 /* Constants.swift in Sources */ = {isa = PBXBuildFile; fileRef = CD126449253BB68500DEFFC9 /* Constants.swift */; };
/* End PBXBuildFile section */

/* Begin PBXContainerItemProxy section */
		CD126408253B862800DEFFC9 /* PBXContainerItemProxy */ = {
			isa = PBXContainerItemProxy;
			containerPortal = CD1263E9253B862700DEFFC9 /* Project object */;
			proxyType = 1;
			remoteGlobalIDString = CD1263F0253B862700DEFFC9;
			remoteInfo = parstagram;
		};
		CD126413253B862800DEFFC9 /* PBXContainerItemProxy */ = {
			isa = PBXContainerItemProxy;
			containerPortal = CD1263E9253B862700DEFFC9 /* Project object */;
			proxyType = 1;
			remoteGlobalIDString = CD1263F0253B862700DEFFC9;
			remoteInfo = parstagram;
		};
/* End PBXContainerItemProxy section */

/* Begin PBXFileReference section */
		1635A8485B1D6EBADFB449E1 /* Pods_parstagram_parstagramUITests.framework */ = {isa = PBXFileReference; explicitFileType = wrapper.framework; includeInIndex = 0; path = Pods_parstagram_parstagramUITests.framework; sourceTree = BUILT_PRODUCTS_DIR; };
		5ED87F8B73813F49BB40ED6C /* Pods-parstagram-parstagramUITests.debug.xcconfig */ = {isa = PBXFileReference; includeInIndex = 1; lastKnownFileType = text.xcconfig; name = "Pods-parstagram-parstagramUITests.debug.xcconfig"; path = "Target Support Files/Pods-parstagram-parstagramUITests/Pods-parstagram-parstagramUITests.debug.xcconfig"; sourceTree = "<group>"; };
		759237E4F4773A974DCA3468 /* Pods-parstagram.release.xcconfig */ = {isa = PBXFileReference; includeInIndex = 1; lastKnownFileType = text.xcconfig; name = "Pods-parstagram.release.xcconfig"; path = "Target Support Files/Pods-parstagram/Pods-parstagram.release.xcconfig"; sourceTree = "<group>"; };
		793EF13CDA2CBD053C7CB5D7 /* Pods-parstagram.debug.xcconfig */ = {isa = PBXFileReference; includeInIndex = 1; lastKnownFileType = text.xcconfig; name = "Pods-parstagram.debug.xcconfig"; path = "Target Support Files/Pods-parstagram/Pods-parstagram.debug.xcconfig"; sourceTree = "<group>"; };
		C13A10B506F74ACCD934D841 /* Pods-parstagramTests.debug.xcconfig */ = {isa = PBXFileReference; includeInIndex = 1; lastKnownFileType = text.xcconfig; name = "Pods-parstagramTests.debug.xcconfig"; path = "Target Support Files/Pods-parstagramTests/Pods-parstagramTests.debug.xcconfig"; sourceTree = "<group>"; };
		C27FDF312DC74D84DEEA264F /* Pods_parstagramTests.framework */ = {isa = PBXFileReference; explicitFileType = wrapper.framework; includeInIndex = 0; path = Pods_parstagramTests.framework; sourceTree = BUILT_PRODUCTS_DIR; };
		C548A8BF1309B2D8E2173BEC /* Pods_parstagram.framework */ = {isa = PBXFileReference; explicitFileType = wrapper.framework; includeInIndex = 0; path = Pods_parstagram.framework; sourceTree = BUILT_PRODUCTS_DIR; };
		CD1263F1253B862700DEFFC9 /* parstagram.app */ = {isa = PBXFileReference; explicitFileType = wrapper.application; includeInIndex = 0; path = parstagram.app; sourceTree = BUILT_PRODUCTS_DIR; };
		CD1263F4253B862700DEFFC9 /* AppDelegate.swift */ = {isa = PBXFileReference; lastKnownFileType = sourcecode.swift; path = AppDelegate.swift; sourceTree = "<group>"; };
		CD1263F6253B862700DEFFC9 /* SceneDelegate.swift */ = {isa = PBXFileReference; lastKnownFileType = sourcecode.swift; path = SceneDelegate.swift; sourceTree = "<group>"; };
		CD1263FB253B862700DEFFC9 /* Base */ = {isa = PBXFileReference; lastKnownFileType = file.storyboard; name = Base; path = Base.lproj/Main.storyboard; sourceTree = "<group>"; };
		CD1263FD253B862800DEFFC9 /* Assets.xcassets */ = {isa = PBXFileReference; lastKnownFileType = folder.assetcatalog; path = Assets.xcassets; sourceTree = "<group>"; };
		CD126400253B862800DEFFC9 /* Base */ = {isa = PBXFileReference; lastKnownFileType = file.storyboard; name = Base; path = Base.lproj/LaunchScreen.storyboard; sourceTree = "<group>"; };
		CD126402253B862800DEFFC9 /* Info.plist */ = {isa = PBXFileReference; lastKnownFileType = text.plist.xml; path = Info.plist; sourceTree = "<group>"; };
		CD126407253B862800DEFFC9 /* parstagramTests.xctest */ = {isa = PBXFileReference; explicitFileType = wrapper.cfbundle; includeInIndex = 0; path = parstagramTests.xctest; sourceTree = BUILT_PRODUCTS_DIR; };
		CD12640B253B862800DEFFC9 /* parstagramTests.swift */ = {isa = PBXFileReference; lastKnownFileType = sourcecode.swift; path = parstagramTests.swift; sourceTree = "<group>"; };
		CD12640D253B862800DEFFC9 /* Info.plist */ = {isa = PBXFileReference; lastKnownFileType = text.plist.xml; path = Info.plist; sourceTree = "<group>"; };
		CD126412253B862800DEFFC9 /* parstagramUITests.xctest */ = {isa = PBXFileReference; explicitFileType = wrapper.cfbundle; includeInIndex = 0; path = parstagramUITests.xctest; sourceTree = BUILT_PRODUCTS_DIR; };
		CD126416253B862800DEFFC9 /* parstagramUITests.swift */ = {isa = PBXFileReference; lastKnownFileType = sourcecode.swift; path = parstagramUITests.swift; sourceTree = "<group>"; };
		CD126418253B862800DEFFC9 /* Info.plist */ = {isa = PBXFileReference; lastKnownFileType = text.plist.xml; path = Info.plist; sourceTree = "<group>"; };
		CD126427253B879200DEFFC9 /* LoginViewController.swift */ = {isa = PBXFileReference; lastKnownFileType = sourcecode.swift; path = LoginViewController.swift; sourceTree = "<group>"; };
		CD12642F253B879C00DEFFC9 /* FeedViewController.swift */ = {isa = PBXFileReference; lastKnownFileType = sourcecode.swift; path = FeedViewController.swift; sourceTree = "<group>"; };
		CD126449253BB68500DEFFC9 /* Constants.swift */ = {isa = PBXFileReference; lastKnownFileType = sourcecode.swift; path = Constants.swift; sourceTree = "<group>"; };
		F4416C471133A66296EE7AC7 /* Pods-parstagram-parstagramUITests.release.xcconfig */ = {isa = PBXFileReference; includeInIndex = 1; lastKnownFileType = text.xcconfig; name = "Pods-parstagram-parstagramUITests.release.xcconfig"; path = "Target Support Files/Pods-parstagram-parstagramUITests/Pods-parstagram-parstagramUITests.release.xcconfig"; sourceTree = "<group>"; };
		F5B83FB5518E9969162CA4D3 /* Pods-parstagramTests.release.xcconfig */ = {isa = PBXFileReference; includeInIndex = 1; lastKnownFileType = text.xcconfig; name = "Pods-parstagramTests.release.xcconfig"; path = "Target Support Files/Pods-parstagramTests/Pods-parstagramTests.release.xcconfig"; sourceTree = "<group>"; };
/* End PBXFileReference section */

/* Begin PBXFrameworksBuildPhase section */
		CD1263EE253B862700DEFFC9 /* Frameworks */ = {
			isa = PBXFrameworksBuildPhase;
			buildActionMask = 2147483647;
			files = (
				7C8B499DC2548924807F8FA3 /* Pods_parstagram.framework in Frameworks */,
			);
			runOnlyForDeploymentPostprocessing = 0;
		};
		CD126404253B862800DEFFC9 /* Frameworks */ = {
			isa = PBXFrameworksBuildPhase;
			buildActionMask = 2147483647;
			files = (
				BD50B4E0469CBFE9AF4FADD2 /* Pods_parstagramTests.framework in Frameworks */,
			);
			runOnlyForDeploymentPostprocessing = 0;
		};
		CD12640F253B862800DEFFC9 /* Frameworks */ = {
			isa = PBXFrameworksBuildPhase;
			buildActionMask = 2147483647;
			files = (
				1E96A14484B1FB815601B8FC /* Pods_parstagram_parstagramUITests.framework in Frameworks */,
			);
			runOnlyForDeploymentPostprocessing = 0;
		};
/* End PBXFrameworksBuildPhase section */

/* Begin PBXGroup section */
		2AD973C8EEEDFB694473DD80 /* Frameworks */ = {
			isa = PBXGroup;
			children = (
				C548A8BF1309B2D8E2173BEC /* Pods_parstagram.framework */,
				1635A8485B1D6EBADFB449E1 /* Pods_parstagram_parstagramUITests.framework */,
				C27FDF312DC74D84DEEA264F /* Pods_parstagramTests.framework */,
			);
			name = Frameworks;
			sourceTree = "<group>";
		};
		6816A6758AA41EBCD0498B8C /* Pods */ = {
			isa = PBXGroup;
			children = (
				793EF13CDA2CBD053C7CB5D7 /* Pods-parstagram.debug.xcconfig */,
				759237E4F4773A974DCA3468 /* Pods-parstagram.release.xcconfig */,
				5ED87F8B73813F49BB40ED6C /* Pods-parstagram-parstagramUITests.debug.xcconfig */,
				F4416C471133A66296EE7AC7 /* Pods-parstagram-parstagramUITests.release.xcconfig */,
				C13A10B506F74ACCD934D841 /* Pods-parstagramTests.debug.xcconfig */,
				F5B83FB5518E9969162CA4D3 /* Pods-parstagramTests.release.xcconfig */,
			);
			path = Pods;
			sourceTree = "<group>";
		};
		CD1263E8253B862700DEFFC9 = {
			isa = PBXGroup;
			children = (
				CD1263F3253B862700DEFFC9 /* parstagram */,
				CD12640A253B862800DEFFC9 /* parstagramTests */,
				CD126415253B862800DEFFC9 /* parstagramUITests */,
				CD1263F2253B862700DEFFC9 /* Products */,
				6816A6758AA41EBCD0498B8C /* Pods */,
				2AD973C8EEEDFB694473DD80 /* Frameworks */,
			);
			sourceTree = "<group>";
		};
		CD1263F2253B862700DEFFC9 /* Products */ = {
			isa = PBXGroup;
			children = (
				CD1263F1253B862700DEFFC9 /* parstagram.app */,
				CD126407253B862800DEFFC9 /* parstagramTests.xctest */,
				CD126412253B862800DEFFC9 /* parstagramUITests.xctest */,
			);
			name = Products;
			sourceTree = "<group>";
		};
		CD1263F3253B862700DEFFC9 /* parstagram */ = {
			isa = PBXGroup;
			children = (
				CD1263F4253B862700DEFFC9 /* AppDelegate.swift */,
				CD1263F6253B862700DEFFC9 /* SceneDelegate.swift */,
				CD1263FA253B862700DEFFC9 /* Main.storyboard */,
				CD1263FD253B862800DEFFC9 /* Assets.xcassets */,
				CD1263FF253B862800DEFFC9 /* LaunchScreen.storyboard */,
				CD126402253B862800DEFFC9 /* Info.plist */,
				CD126427253B879200DEFFC9 /* LoginViewController.swift */,
				CD12642F253B879C00DEFFC9 /* FeedViewController.swift */,
				CD126449253BB68500DEFFC9 /* Constants.swift */,
			);
			path = parstagram;
			sourceTree = "<group>";
		};
		CD12640A253B862800DEFFC9 /* parstagramTests */ = {
			isa = PBXGroup;
			children = (
				CD12640B253B862800DEFFC9 /* parstagramTests.swift */,
				CD12640D253B862800DEFFC9 /* Info.plist */,
			);
			path = parstagramTests;
			sourceTree = "<group>";
		};
		CD126415253B862800DEFFC9 /* parstagramUITests */ = {
			isa = PBXGroup;
			children = (
				CD126416253B862800DEFFC9 /* parstagramUITests.swift */,
				CD126418253B862800DEFFC9 /* Info.plist */,
			);
			path = parstagramUITests;
			sourceTree = "<group>";
		};
/* End PBXGroup section */

/* Begin PBXNativeTarget section */
		CD1263F0253B862700DEFFC9 /* parstagram */ = {
			isa = PBXNativeTarget;
			buildConfigurationList = CD12641B253B862800DEFFC9 /* Build configuration list for PBXNativeTarget "parstagram" */;
			buildPhases = (
				A72674E1C7A0B82D2049644C /* [CP] Check Pods Manifest.lock */,
				CD1263ED253B862700DEFFC9 /* Sources */,
				CD1263EE253B862700DEFFC9 /* Frameworks */,
				CD1263EF253B862700DEFFC9 /* Resources */,
				5D974F8B9D3BE4D73CBC56E6 /* [CP] Embed Pods Frameworks */,
			);
			buildRules = (
			);
			dependencies = (
			);
			name = parstagram;
			productName = parstagram;
			productReference = CD1263F1253B862700DEFFC9 /* parstagram.app */;
			productType = "com.apple.product-type.application";
		};
		CD126406253B862800DEFFC9 /* parstagramTests */ = {
			isa = PBXNativeTarget;
			buildConfigurationList = CD12641E253B862800DEFFC9 /* Build configuration list for PBXNativeTarget "parstagramTests" */;
			buildPhases = (
				A216F6109524A054E12F6AF4 /* [CP] Check Pods Manifest.lock */,
				CD126403253B862800DEFFC9 /* Sources */,
				CD126404253B862800DEFFC9 /* Frameworks */,
				CD126405253B862800DEFFC9 /* Resources */,
			);
			buildRules = (
			);
			dependencies = (
				CD126409253B862800DEFFC9 /* PBXTargetDependency */,
			);
			name = parstagramTests;
			productName = parstagramTests;
			productReference = CD126407253B862800DEFFC9 /* parstagramTests.xctest */;
			productType = "com.apple.product-type.bundle.unit-test";
		};
		CD126411253B862800DEFFC9 /* parstagramUITests */ = {
			isa = PBXNativeTarget;
			buildConfigurationList = CD126421253B862800DEFFC9 /* Build configuration list for PBXNativeTarget "parstagramUITests" */;
			buildPhases = (
				3ADD186F7C3B6D93CE74EA60 /* [CP] Check Pods Manifest.lock */,
				CD12640E253B862800DEFFC9 /* Sources */,
				CD12640F253B862800DEFFC9 /* Frameworks */,
				CD126410253B862800DEFFC9 /* Resources */,
				53020BA24E19D7C6F7E323FC /* [CP] Embed Pods Frameworks */,
			);
			buildRules = (
			);
			dependencies = (
				CD126414253B862800DEFFC9 /* PBXTargetDependency */,
			);
			name = parstagramUITests;
			productName = parstagramUITests;
			productReference = CD126412253B862800DEFFC9 /* parstagramUITests.xctest */;
			productType = "com.apple.product-type.bundle.ui-testing";
		};
/* End PBXNativeTarget section */

/* Begin PBXProject section */
		CD1263E9253B862700DEFFC9 /* Project object */ = {
			isa = PBXProject;
			attributes = {
				LastSwiftUpdateCheck = 1200;
				LastUpgradeCheck = 1200;
				TargetAttributes = {
					CD1263F0253B862700DEFFC9 = {
						CreatedOnToolsVersion = 12.0.1;
					};
					CD126406253B862800DEFFC9 = {
						CreatedOnToolsVersion = 12.0.1;
						TestTargetID = CD1263F0253B862700DEFFC9;
					};
					CD126411253B862800DEFFC9 = {
						CreatedOnToolsVersion = 12.0.1;
						TestTargetID = CD1263F0253B862700DEFFC9;
					};
				};
			};
			buildConfigurationList = CD1263EC253B862700DEFFC9 /* Build configuration list for PBXProject "parstagram" */;
			compatibilityVersion = "Xcode 9.3";
			developmentRegion = en;
			hasScannedForEncodings = 0;
			knownRegions = (
				en,
				Base,
			);
			mainGroup = CD1263E8253B862700DEFFC9;
			productRefGroup = CD1263F2253B862700DEFFC9 /* Products */;
			projectDirPath = "";
			projectRoot = "";
			targets = (
				CD1263F0253B862700DEFFC9 /* parstagram */,
				CD126406253B862800DEFFC9 /* parstagramTests */,
				CD126411253B862800DEFFC9 /* parstagramUITests */,
			);
		};
/* End PBXProject section */

/* Begin PBXResourcesBuildPhase section */
		CD1263EF253B862700DEFFC9 /* Resources */ = {
			isa = PBXResourcesBuildPhase;
			buildActionMask = 2147483647;
			files = (
				CD126401253B862800DEFFC9 /* LaunchScreen.storyboard in Resources */,
				CD1263FE253B862800DEFFC9 /* Assets.xcassets in Resources */,
				CD1263FC253B862700DEFFC9 /* Main.storyboard in Resources */,
			);
			runOnlyForDeploymentPostprocessing = 0;
		};
		CD126405253B862800DEFFC9 /* Resources */ = {
			isa = PBXResourcesBuildPhase;
			buildActionMask = 2147483647;
			files = (
			);
			runOnlyForDeploymentPostprocessing = 0;
		};
		CD126410253B862800DEFFC9 /* Resources */ = {
			isa = PBXResourcesBuildPhase;
			buildActionMask = 2147483647;
			files = (
			);
			runOnlyForDeploymentPostprocessing = 0;
		};
/* End PBXResourcesBuildPhase section */

/* Begin PBXShellScriptBuildPhase section */
		3ADD186F7C3B6D93CE74EA60 /* [CP] Check Pods Manifest.lock */ = {
			isa = PBXShellScriptBuildPhase;
			buildActionMask = 2147483647;
			files = (
			);
			inputFileListPaths = (
			);
			inputPaths = (
				"${PODS_PODFILE_DIR_PATH}/Podfile.lock",
				"${PODS_ROOT}/Manifest.lock",
			);
			name = "[CP] Check Pods Manifest.lock";
			outputFileListPaths = (
			);
			outputPaths = (
				"$(DERIVED_FILE_DIR)/Pods-parstagram-parstagramUITests-checkManifestLockResult.txt",
			);
			runOnlyForDeploymentPostprocessing = 0;
			shellPath = /bin/sh;
			shellScript = "diff \"${PODS_PODFILE_DIR_PATH}/Podfile.lock\" \"${PODS_ROOT}/Manifest.lock\" > /dev/null\nif [ $? != 0 ] ; then\n    # print error to STDERR\n    echo \"error: The sandbox is not in sync with the Podfile.lock. Run 'pod install' or update your CocoaPods installation.\" >&2\n    exit 1\nfi\n# This output is used by Xcode 'outputs' to avoid re-running this script phase.\necho \"SUCCESS\" > \"${SCRIPT_OUTPUT_FILE_0}\"\n";
			showEnvVarsInLog = 0;
		};
		53020BA24E19D7C6F7E323FC /* [CP] Embed Pods Frameworks */ = {
			isa = PBXShellScriptBuildPhase;
			buildActionMask = 2147483647;
			files = (
			);
			inputFileListPaths = (
				"${PODS_ROOT}/Target Support Files/Pods-parstagram-parstagramUITests/Pods-parstagram-parstagramUITests-frameworks-${CONFIGURATION}-input-files.xcfilelist",
			);
			name = "[CP] Embed Pods Frameworks";
			outputFileListPaths = (
				"${PODS_ROOT}/Target Support Files/Pods-parstagram-parstagramUITests/Pods-parstagram-parstagramUITests-frameworks-${CONFIGURATION}-output-files.xcfilelist",
			);
			runOnlyForDeploymentPostprocessing = 0;
			shellPath = /bin/sh;
			shellScript = "\"${PODS_ROOT}/Target Support Files/Pods-parstagram-parstagramUITests/Pods-parstagram-parstagramUITests-frameworks.sh\"\n";
			showEnvVarsInLog = 0;
		};
		5D974F8B9D3BE4D73CBC56E6 /* [CP] Embed Pods Frameworks */ = {
			isa = PBXShellScriptBuildPhase;
			buildActionMask = 2147483647;
			files = (
			);
			inputFileListPaths = (
				"${PODS_ROOT}/Target Support Files/Pods-parstagram/Pods-parstagram-frameworks-${CONFIGURATION}-input-files.xcfilelist",
			);
			name = "[CP] Embed Pods Frameworks";
			outputFileListPaths = (
				"${PODS_ROOT}/Target Support Files/Pods-parstagram/Pods-parstagram-frameworks-${CONFIGURATION}-output-files.xcfilelist",
			);
			runOnlyForDeploymentPostprocessing = 0;
			shellPath = /bin/sh;
			shellScript = "\"${PODS_ROOT}/Target Support Files/Pods-parstagram/Pods-parstagram-frameworks.sh\"\n";
			showEnvVarsInLog = 0;
		};
		A216F6109524A054E12F6AF4 /* [CP] Check Pods Manifest.lock */ = {
			isa = PBXShellScriptBuildPhase;
			buildActionMask = 2147483647;
			files = (
			);
			inputFileListPaths = (
			);
			inputPaths = (
				"${PODS_PODFILE_DIR_PATH}/Podfile.lock",
				"${PODS_ROOT}/Manifest.lock",
			);
			name = "[CP] Check Pods Manifest.lock";
			outputFileListPaths = (
			);
			outputPaths = (
				"$(DERIVED_FILE_DIR)/Pods-parstagramTests-checkManifestLockResult.txt",
			);
			runOnlyForDeploymentPostprocessing = 0;
			shellPath = /bin/sh;
			shellScript = "diff \"${PODS_PODFILE_DIR_PATH}/Podfile.lock\" \"${PODS_ROOT}/Manifest.lock\" > /dev/null\nif [ $? != 0 ] ; then\n    # print error to STDERR\n    echo \"error: The sandbox is not in sync with the Podfile.lock. Run 'pod install' or update your CocoaPods installation.\" >&2\n    exit 1\nfi\n# This output is used by Xcode 'outputs' to avoid re-running this script phase.\necho \"SUCCESS\" > \"${SCRIPT_OUTPUT_FILE_0}\"\n";
			showEnvVarsInLog = 0;
		};
		A72674E1C7A0B82D2049644C /* [CP] Check Pods Manifest.lock */ = {
			isa = PBXShellScriptBuildPhase;
			buildActionMask = 2147483647;
			files = (
			);
			inputFileListPaths = (
			);
			inputPaths = (
				"${PODS_PODFILE_DIR_PATH}/Podfile.lock",
				"${PODS_ROOT}/Manifest.lock",
			);
			name = "[CP] Check Pods Manifest.lock";
			outputFileListPaths = (
			);
			outputPaths = (
				"$(DERIVED_FILE_DIR)/Pods-parstagram-checkManifestLockResult.txt",
			);
			runOnlyForDeploymentPostprocessing = 0;
			shellPath = /bin/sh;
			shellScript = "diff \"${PODS_PODFILE_DIR_PATH}/Podfile.lock\" \"${PODS_ROOT}/Manifest.lock\" > /dev/null\nif [ $? != 0 ] ; then\n    # print error to STDERR\n    echo \"error: The sandbox is not in sync with the Podfile.lock. Run 'pod install' or update your CocoaPods installation.\" >&2\n    exit 1\nfi\n# This output is used by Xcode 'outputs' to avoid re-running this script phase.\necho \"SUCCESS\" > \"${SCRIPT_OUTPUT_FILE_0}\"\n";
			showEnvVarsInLog = 0;
		};
/* End PBXShellScriptBuildPhase section */

/* Begin PBXSourcesBuildPhase section */
		CD1263ED253B862700DEFFC9 /* Sources */ = {
			isa = PBXSourcesBuildPhase;
			buildActionMask = 2147483647;
			files = (
				CD12644A253BB68500DEFFC9 /* Constants.swift in Sources */,
				CD126428253B879200DEFFC9 /* LoginViewController.swift in Sources */,
				CD1263F5253B862700DEFFC9 /* AppDelegate.swift in Sources */,
				CD126430253B879C00DEFFC9 /* FeedViewController.swift in Sources */,
				CD1263F7253B862700DEFFC9 /* SceneDelegate.swift in Sources */,
			);
			runOnlyForDeploymentPostprocessing = 0;
		};
		CD126403253B862800DEFFC9 /* Sources */ = {
			isa = PBXSourcesBuildPhase;
			buildActionMask = 2147483647;
			files = (
				CD12640C253B862800DEFFC9 /* parstagramTests.swift in Sources */,
			);
			runOnlyForDeploymentPostprocessing = 0;
		};
		CD12640E253B862800DEFFC9 /* Sources */ = {
			isa = PBXSourcesBuildPhase;
			buildActionMask = 2147483647;
			files = (
				CD126417253B862800DEFFC9 /* parstagramUITests.swift in Sources */,
			);
			runOnlyForDeploymentPostprocessing = 0;
		};
/* End PBXSourcesBuildPhase section */

/* Begin PBXTargetDependency section */
		CD126409253B862800DEFFC9 /* PBXTargetDependency */ = {
			isa = PBXTargetDependency;
			target = CD1263F0253B862700DEFFC9 /* parstagram */;
			targetProxy = CD126408253B862800DEFFC9 /* PBXContainerItemProxy */;
		};
		CD126414253B862800DEFFC9 /* PBXTargetDependency */ = {
			isa = PBXTargetDependency;
			target = CD1263F0253B862700DEFFC9 /* parstagram */;
			targetProxy = CD126413253B862800DEFFC9 /* PBXContainerItemProxy */;
		};
/* End PBXTargetDependency section */

/* Begin PBXVariantGroup section */
		CD1263FA253B862700DEFFC9 /* Main.storyboard */ = {
			isa = PBXVariantGroup;
			children = (
				CD1263FB253B862700DEFFC9 /* Base */,
			);
			name = Main.storyboard;
			sourceTree = "<group>";
		};
		CD1263FF253B862800DEFFC9 /* LaunchScreen.storyboard */ = {
			isa = PBXVariantGroup;
			children = (
				CD126400253B862800DEFFC9 /* Base */,
			);
			name = LaunchScreen.storyboard;
			sourceTree = "<group>";
		};
/* End PBXVariantGroup section */

/* Begin XCBuildConfiguration section */
		CD126419253B862800DEFFC9 /* Debug */ = {
			isa = XCBuildConfiguration;
			buildSettings = {
				ALWAYS_SEARCH_USER_PATHS = NO;
				CLANG_ANALYZER_NONNULL = YES;
				CLANG_ANALYZER_NUMBER_OBJECT_CONVERSION = YES_AGGRESSIVE;
				CLANG_CXX_LANGUAGE_STANDARD = "gnu++14";
				CLANG_CXX_LIBRARY = "libc++";
				CLANG_ENABLE_MODULES = YES;
				CLANG_ENABLE_OBJC_ARC = YES;
				CLANG_ENABLE_OBJC_WEAK = YES;
				CLANG_WARN_BLOCK_CAPTURE_AUTORELEASING = YES;
				CLANG_WARN_BOOL_CONVERSION = YES;
				CLANG_WARN_COMMA = YES;
				CLANG_WARN_CONSTANT_CONVERSION = YES;
				CLANG_WARN_DEPRECATED_OBJC_IMPLEMENTATIONS = YES;
				CLANG_WARN_DIRECT_OBJC_ISA_USAGE = YES_ERROR;
				CLANG_WARN_DOCUMENTATION_COMMENTS = YES;
				CLANG_WARN_EMPTY_BODY = YES;
				CLANG_WARN_ENUM_CONVERSION = YES;
				CLANG_WARN_INFINITE_RECURSION = YES;
				CLANG_WARN_INT_CONVERSION = YES;
				CLANG_WARN_NON_LITERAL_NULL_CONVERSION = YES;
				CLANG_WARN_OBJC_IMPLICIT_RETAIN_SELF = YES;
				CLANG_WARN_OBJC_LITERAL_CONVERSION = YES;
				CLANG_WARN_OBJC_ROOT_CLASS = YES_ERROR;
				CLANG_WARN_QUOTED_INCLUDE_IN_FRAMEWORK_HEADER = YES;
				CLANG_WARN_RANGE_LOOP_ANALYSIS = YES;
				CLANG_WARN_STRICT_PROTOTYPES = YES;
				CLANG_WARN_SUSPICIOUS_MOVE = YES;
				CLANG_WARN_UNGUARDED_AVAILABILITY = YES_AGGRESSIVE;
				CLANG_WARN_UNREACHABLE_CODE = YES;
				CLANG_WARN__DUPLICATE_METHOD_MATCH = YES;
				COPY_PHASE_STRIP = NO;
				DEBUG_INFORMATION_FORMAT = dwarf;
				ENABLE_STRICT_OBJC_MSGSEND = YES;
				ENABLE_TESTABILITY = YES;
				GCC_C_LANGUAGE_STANDARD = gnu11;
				GCC_DYNAMIC_NO_PIC = NO;
				GCC_NO_COMMON_BLOCKS = YES;
				GCC_OPTIMIZATION_LEVEL = 0;
				GCC_PREPROCESSOR_DEFINITIONS = (
					"DEBUG=1",
					"$(inherited)",
				);
				GCC_WARN_64_TO_32_BIT_CONVERSION = YES;
				GCC_WARN_ABOUT_RETURN_TYPE = YES_ERROR;
				GCC_WARN_UNDECLARED_SELECTOR = YES;
				GCC_WARN_UNINITIALIZED_AUTOS = YES_AGGRESSIVE;
				GCC_WARN_UNUSED_FUNCTION = YES;
				GCC_WARN_UNUSED_VARIABLE = YES;
				IPHONEOS_DEPLOYMENT_TARGET = 14.0;
				MTL_ENABLE_DEBUG_INFO = INCLUDE_SOURCE;
				MTL_FAST_MATH = YES;
				ONLY_ACTIVE_ARCH = YES;
				SDKROOT = iphoneos;
				SWIFT_ACTIVE_COMPILATION_CONDITIONS = DEBUG;
				SWIFT_OPTIMIZATION_LEVEL = "-Onone";
			};
			name = Debug;
		};
		CD12641A253B862800DEFFC9 /* Release */ = {
			isa = XCBuildConfiguration;
			buildSettings = {
				ALWAYS_SEARCH_USER_PATHS = NO;
				CLANG_ANALYZER_NONNULL = YES;
				CLANG_ANALYZER_NUMBER_OBJECT_CONVERSION = YES_AGGRESSIVE;
				CLANG_CXX_LANGUAGE_STANDARD = "gnu++14";
				CLANG_CXX_LIBRARY = "libc++";
				CLANG_ENABLE_MODULES = YES;
				CLANG_ENABLE_OBJC_ARC = YES;
				CLANG_ENABLE_OBJC_WEAK = YES;
				CLANG_WARN_BLOCK_CAPTURE_AUTORELEASING = YES;
				CLANG_WARN_BOOL_CONVERSION = YES;
				CLANG_WARN_COMMA = YES;
				CLANG_WARN_CONSTANT_CONVERSION = YES;
				CLANG_WARN_DEPRECATED_OBJC_IMPLEMENTATIONS = YES;
				CLANG_WARN_DIRECT_OBJC_ISA_USAGE = YES_ERROR;
				CLANG_WARN_DOCUMENTATION_COMMENTS = YES;
				CLANG_WARN_EMPTY_BODY = YES;
				CLANG_WARN_ENUM_CONVERSION = YES;
				CLANG_WARN_INFINITE_RECURSION = YES;
				CLANG_WARN_INT_CONVERSION = YES;
				CLANG_WARN_NON_LITERAL_NULL_CONVERSION = YES;
				CLANG_WARN_OBJC_IMPLICIT_RETAIN_SELF = YES;
				CLANG_WARN_OBJC_LITERAL_CONVERSION = YES;
				CLANG_WARN_OBJC_ROOT_CLASS = YES_ERROR;
				CLANG_WARN_QUOTED_INCLUDE_IN_FRAMEWORK_HEADER = YES;
				CLANG_WARN_RANGE_LOOP_ANALYSIS = YES;
				CLANG_WARN_STRICT_PROTOTYPES = YES;
				CLANG_WARN_SUSPICIOUS_MOVE = YES;
				CLANG_WARN_UNGUARDED_AVAILABILITY = YES_AGGRESSIVE;
				CLANG_WARN_UNREACHABLE_CODE = YES;
				CLANG_WARN__DUPLICATE_METHOD_MATCH = YES;
				COPY_PHASE_STRIP = NO;
				DEBUG_INFORMATION_FORMAT = "dwarf-with-dsym";
				ENABLE_NS_ASSERTIONS = NO;
				ENABLE_STRICT_OBJC_MSGSEND = YES;
				GCC_C_LANGUAGE_STANDARD = gnu11;
				GCC_NO_COMMON_BLOCKS = YES;
				GCC_WARN_64_TO_32_BIT_CONVERSION = YES;
				GCC_WARN_ABOUT_RETURN_TYPE = YES_ERROR;
				GCC_WARN_UNDECLARED_SELECTOR = YES;
				GCC_WARN_UNINITIALIZED_AUTOS = YES_AGGRESSIVE;
				GCC_WARN_UNUSED_FUNCTION = YES;
				GCC_WARN_UNUSED_VARIABLE = YES;
				IPHONEOS_DEPLOYMENT_TARGET = 14.0;
				MTL_ENABLE_DEBUG_INFO = NO;
				MTL_FAST_MATH = YES;
				SDKROOT = iphoneos;
				SWIFT_COMPILATION_MODE = wholemodule;
				SWIFT_OPTIMIZATION_LEVEL = "-O";
				VALIDATE_PRODUCT = YES;
			};
			name = Release;
		};
		CD12641C253B862800DEFFC9 /* Debug */ = {
			isa = XCBuildConfiguration;
			baseConfigurationReference = 793EF13CDA2CBD053C7CB5D7 /* Pods-parstagram.debug.xcconfig */;
			buildSettings = {
				ASSETCATALOG_COMPILER_APPICON_NAME = AppIcon;
				ASSETCATALOG_COMPILER_GLOBAL_ACCENT_COLOR_NAME = AccentColor;
				CODE_SIGN_STYLE = Automatic;
				INFOPLIST_FILE = parstagram/Info.plist;
				LD_RUNPATH_SEARCH_PATHS = (
					"$(inherited)",
					"@executable_path/Frameworks",
				);
				PRODUCT_BUNDLE_IDENTIFIER = com.example.parstagram;
				PRODUCT_NAME = "$(TARGET_NAME)";
				SWIFT_VERSION = 5.0;
				TARGETED_DEVICE_FAMILY = "1,2";
			};
			name = Debug;
		};
		CD12641D253B862800DEFFC9 /* Release */ = {
			isa = XCBuildConfiguration;
			baseConfigurationReference = 759237E4F4773A974DCA3468 /* Pods-parstagram.release.xcconfig */;
			buildSettings = {
				ASSETCATALOG_COMPILER_APPICON_NAME = AppIcon;
				ASSETCATALOG_COMPILER_GLOBAL_ACCENT_COLOR_NAME = AccentColor;
				CODE_SIGN_STYLE = Automatic;
				INFOPLIST_FILE = parstagram/Info.plist;
				LD_RUNPATH_SEARCH_PATHS = (
					"$(inherited)",
					"@executable_path/Frameworks",
				);
				PRODUCT_BUNDLE_IDENTIFIER = com.example.parstagram;
				PRODUCT_NAME = "$(TARGET_NAME)";
				SWIFT_VERSION = 5.0;
				TARGETED_DEVICE_FAMILY = "1,2";
			};
			name = Release;
		};
		CD12641F253B862800DEFFC9 /* Debug */ = {
			isa = XCBuildConfiguration;
			baseConfigurationReference = C13A10B506F74ACCD934D841 /* Pods-parstagramTests.debug.xcconfig */;
			buildSettings = {
				ALWAYS_EMBED_SWIFT_STANDARD_LIBRARIES = YES;
				BUNDLE_LOADER = "$(TEST_HOST)";
				CODE_SIGN_STYLE = Automatic;
				INFOPLIST_FILE = parstagramTests/Info.plist;
				IPHONEOS_DEPLOYMENT_TARGET = 14.0;
				LD_RUNPATH_SEARCH_PATHS = (
					"$(inherited)",
					"@executable_path/Frameworks",
					"@loader_path/Frameworks",
				);
				PRODUCT_BUNDLE_IDENTIFIER = com.example.parstagramTests;
				PRODUCT_NAME = "$(TARGET_NAME)";
				SWIFT_VERSION = 5.0;
				TARGETED_DEVICE_FAMILY = "1,2";
				TEST_HOST = "$(BUILT_PRODUCTS_DIR)/parstagram.app/parstagram";
			};
			name = Debug;
		};
		CD126420253B862800DEFFC9 /* Release */ = {
			isa = XCBuildConfiguration;
			baseConfigurationReference = F5B83FB5518E9969162CA4D3 /* Pods-parstagramTests.release.xcconfig */;
			buildSettings = {
				ALWAYS_EMBED_SWIFT_STANDARD_LIBRARIES = YES;
				BUNDLE_LOADER = "$(TEST_HOST)";
				CODE_SIGN_STYLE = Automatic;
				INFOPLIST_FILE = parstagramTests/Info.plist;
				IPHONEOS_DEPLOYMENT_TARGET = 14.0;
				LD_RUNPATH_SEARCH_PATHS = (
					"$(inherited)",
					"@executable_path/Frameworks",
					"@loader_path/Frameworks",
				);
				PRODUCT_BUNDLE_IDENTIFIER = com.example.parstagramTests;
				PRODUCT_NAME = "$(TARGET_NAME)";
				SWIFT_VERSION = 5.0;
				TARGETED_DEVICE_FAMILY = "1,2";
				TEST_HOST = "$(BUILT_PRODUCTS_DIR)/parstagram.app/parstagram";
			};
			name = Release;
		};
		CD126422253B862800DEFFC9 /* Debug */ = {
			isa = XCBuildConfiguration;
			baseConfigurationReference = 5ED87F8B73813F49BB40ED6C /* Pods-parstagram-parstagramUITests.debug.xcconfig */;
			buildSettings = {
				ALWAYS_EMBED_SWIFT_STANDARD_LIBRARIES = YES;
				CODE_SIGN_STYLE = Automatic;
				INFOPLIST_FILE = parstagramUITests/Info.plist;
				LD_RUNPATH_SEARCH_PATHS = (
					"$(inherited)",
					"@executable_path/Frameworks",
					"@loader_path/Frameworks",
				);
				PRODUCT_BUNDLE_IDENTIFIER = com.example.parstagramUITests;
				PRODUCT_NAME = "$(TARGET_NAME)";
				SWIFT_VERSION = 5.0;
				TARGETED_DEVICE_FAMILY = "1,2";
				TEST_TARGET_NAME = parstagram;
			};
			name = Debug;
		};
		CD126423253B862800DEFFC9 /* Release */ = {
			isa = XCBuildConfiguration;
			baseConfigurationReference = F4416C471133A66296EE7AC7 /* Pods-parstagram-parstagramUITests.release.xcconfig */;
			buildSettings = {
				ALWAYS_EMBED_SWIFT_STANDARD_LIBRARIES = YES;
				CODE_SIGN_STYLE = Automatic;
				INFOPLIST_FILE = parstagramUITests/Info.plist;
				LD_RUNPATH_SEARCH_PATHS = (
					"$(inherited)",
					"@executable_path/Frameworks",
					"@loader_path/Frameworks",
				);
				PRODUCT_BUNDLE_IDENTIFIER = com.example.parstagramUITests;
				PRODUCT_NAME = "$(TARGET_NAME)";
				SWIFT_VERSION = 5.0;
				TARGETED_DEVICE_FAMILY = "1,2";
				TEST_TARGET_NAME = parstagram;
			};
			name = Release;
		};
/* End XCBuildConfiguration section */

/* Begin XCConfigurationList section */
		CD1263EC253B862700DEFFC9 /* Build configuration list for PBXProject "parstagram" */ = {
			isa = XCConfigurationList;
			buildConfigurations = (
				CD126419253B862800DEFFC9 /* Debug */,
				CD12641A253B862800DEFFC9 /* Release */,
			);
			defaultConfigurationIsVisible = 0;
			defaultConfigurationName = Release;
		};
		CD12641B253B862800DEFFC9 /* Build configuration list for PBXNativeTarget "parstagram" */ = {
			isa = XCConfigurationList;
			buildConfigurations = (
				CD12641C253B862800DEFFC9 /* Debug */,
				CD12641D253B862800DEFFC9 /* Release */,
			);
			defaultConfigurationIsVisible = 0;
			defaultConfigurationName = Release;
		};
		CD12641E253B862800DEFFC9 /* Build configuration list for PBXNativeTarget "parstagramTests" */ = {
			isa = XCConfigurationList;
			buildConfigurations = (
				CD12641F253B862800DEFFC9 /* Debug */,
				CD126420253B862800DEFFC9 /* Release */,
			);
			defaultConfigurationIsVisible = 0;
			defaultConfigurationName = Release;
		};
		CD126421253B862800DEFFC9 /* Build configuration list for PBXNativeTarget "parstagramUITests" */ = {
			isa = XCConfigurationList;
			buildConfigurations = (
				CD126422253B862800DEFFC9 /* Debug */,
				CD126423253B862800DEFFC9 /* Release */,
			);
			defaultConfigurationIsVisible = 0;
			defaultConfigurationName = Release;
		};
/* End XCConfigurationList section */
	};
	rootObject = CD1263E9253B862700DEFFC9 /* Project object */;
}
